{
  "originHash" : "dbccd030b9bc507f5ba1ab70e647ff56495a825a0b2b4840bae523a12f0fc3fd",
  "pins" : [
    {
      "identity" : "loremipsum",
      "kind" : "remoteSourceControl",
      "location" : "https://github.com/lukaskubanek/LoremIpsum",
      "state" : {
        "branch" : "master",
        "revision" : "3c739014fd11bcf0a3b2263b95b89d12f1257579"
      }
    },
    {
      "identity" : "sqlite.swift",
      "kind" : "remoteSourceControl",
      "location" : "https://github.com/stephencelis/SQLite.swift.git",
      "state" : {
        "branch" : "master",
        "revision" : "eb9b2ee9d9b7f941ac883b0843557469ed567af2"
      }
    },
    {
      "identity" : "swift-log",
      "kind" : "remoteSourceControl",
      "location" : "https://github.com/apple/swift-log.git",
      "state" : {
        "revision" : "ce592ae52f982c847a4efc0dd881cc9eb32d29f2",
        "version" : "1.6.4"
      }
    },
    {
      "identity" : "swift-toolchain-sqlite",
      "kind" : "remoteSourceControl",
      "location" : "https://github.com/swiftlang/swift-toolchain-sqlite",
      "state" : {
        "revision" : "b626d3002773b1a1304166643e7f118f724b2132",
        "version" : "1.0.4"
      }
    },
    {
      "identity" : "swiftgraph",
      "kind" : "remoteSourceControl",
      "location" : "https://github.com/NickTheFreak97/SwiftGraph",
      "state" : {
        "branch" : "msa",
        "revision" : "b239f9e24d5ab74108613cd1350cdd09262bbbd5"
      }
    },
    {
      "identity" : "ztron-routing-kit",
      "kind" : "remoteSourceControl",
      "location" : "https://github.com/NickTheFreak97/ztron-routing-kit.git",
      "state" : {
        "branch" : "main",
        "revision" : "a9fb1a82261ed77c8fe0dd2512da677047ab370d"
      }
    },
    {
      "identity" : "ztrondatamodel",
      "kind" : "remoteSourceControl",
      "location" : "https://github.com/NiccoloBargioni/ZTronDataModel",
      "state" : {
        "branch" : "main",
        "revision" : "e119053698f91b8b5b575af2e39d996f29dac5d7"
      }
    },
    {
      "identity" : "ztronrouter",
      "kind" : "remoteSourceControl",
      "location" : "https://github.com/NiccoloBargioni/ZTronRouter",
      "state" : {
        "branch" : "main",
        "revision" : "01145e0ee3240299957e1252bc176a064981d85b"
      }
    }
  ],
  "version" : 3
}
